
Microsoft Visual Studio Solution File, Format Version 12.00
# Visual Studio Version 16
VisualStudioVersion = 16.0.30804.86
MinimumVisualStudioVersion = 10.0.40219.1
Project("{FAE04EC0-301F-11D3-BF4B-00C04F79EFBC}") = "SAMvc", "SAMvc\SAMvc.csproj", "{B22B0A00-D278-43C4-9A85-C7767A3B94DC}"
EndProject
Project("{FAE04EC0-301F-11D3-BF4B-00C04F79EFBC}") = "HtmlCssJavascript", "HtmlCssJavascript\HtmlCssJavascript.csproj", "{9DD182EF-FFDE-4CC0-997F-F09539CA9B59}"
EndProject
Global
	GlobalSection(SolutionConfigurationPlatforms) = preSolution
		Debug|Any CPU = Debug|Any CPU
		Release|Any CPU = Release|Any CPU
	EndGlobalSection
	GlobalSection(ProjectConfigurationPlatforms) = postSolution
		{B22B0A00-D278-43C4-9A85-C7767A3B94DC}.Debug|Any CPU.ActiveCfg = Debug|Any CPU
		{B22B0A00-D278-43C4-9A85-C7767A3B94DC}.Debug|Any CPU.Build.0 = Debug|Any CPU
		{B22B0A00-D278-43C4-9A85-C7767A3B94DC}.Release|Any CPU.ActiveCfg = Release|Any CPU
		{B22B0A00-D278-43C4-9A85-C7767A3B94DC}.Release|Any CPU.Build.0 = Release|Any CPU
		{9DD182EF-FFDE-4CC0-997F-F09539CA9B59}.Debug|Any CPU.ActiveCfg = Debug|Any CPU
		{9DD182EF-FFDE-4CC0-997F-F09539CA9B59}.Debug|Any CPU.Build.0 = Debug|Any CPU
		{9DD182EF-FFDE-4CC0-997F-F09539CA9B59}.Release|Any CPU.ActiveCfg = Release|Any CPU
		{9DD182EF-FFDE-4CC0-997F-F09539CA9B59}.Release|Any CPU.Build.0 = Release|Any CPU
	EndGlobalSection
	GlobalSection(SolutionProperties) = preSolution
		HideSolutionNode = FALSE
	EndGlobalSection
	GlobalSection(ExtensibilityGlobals) = postSolution
		SolutionGuid = {0DA0940A-8882-414A-AF97-0B20109DD165}
	EndGlobalSection
EndGlobal
